
Microsoft Visual Studio Solution File, Format Version 12.00
# Visual Studio Version 17
VisualStudioVersion = 17.2.32630.192
MinimumVisualStudioVersion = 10.0.40219.1
Project("{FAE04EC0-301F-11D3-BF4B-00C04F79EFBC}") = "delegate new", "delegate new\delegate new.csproj", "{BA276662-7995-42B9-BA5B-6ABA4D42BC63}"
EndProject
Global
	GlobalSection(SolutionConfigurationPlatforms) = preSolution
		Debug|Any CPU = Debug|Any CPU
		Release|Any CPU = Release|Any CPU
	EndGlobalSection
	GlobalSection(ProjectConfigurationPlatforms) = postSolution
		{BA276662-7995-42B9-BA5B-6ABA4D42BC63}.Debug|Any CPU.ActiveCfg = Debug|Any CPU
		{BA276662-7995-42B9-BA5B-6ABA4D42BC63}.Debug|Any CPU.Build.0 = Debug|Any CPU
		{BA276662-7995-42B9-BA5B-6ABA4D42BC63}.Release|Any CPU.ActiveCfg = Release|Any CPU
		{BA276662-7995-42B9-BA5B-6ABA4D42BC63}.Release|Any CPU.Build.0 = Release|Any CPU
	EndGlobalSection
	GlobalSection(SolutionProperties) = preSolution
		HideSolutionNode = FALSE
	EndGlobalSection
	GlobalSection(ExtensibilityGlobals) = postSolution
		SolutionGuid = {C7AC7F25-A961-4AD3-B7CA-C07C0E618B32}
	EndGlobalSection
EndGlobal
